
Microsoft Visual Studio Solution File, Format Version 12.00
# Visual Studio Version 17
VisualStudioVersion = 17.4.33213.308
MinimumVisualStudioVersion = 10.0.40219.1
Project("{9A19103F-16F7-4668-BE54-9A1E7A4F7556}") = "JiayiLauncher", "JiayiLauncher\JiayiLauncher.csproj", "{26BD2C3C-4226-45AD-98F7-4B4219FF9171}"
EndProject
Project("{9A19103F-16F7-4668-BE54-9A1E7A4F7556}") = "JiayiInstaller", "JiayiInstaller\JiayiInstaller.csproj", "{DBBA4A74-C605-452E-ACBD-DC3EE79B0303}"
EndProject
Project("{8BC9CEB8-8B4A-11D0-8D11-00A0C91BC942}") = "JiayiLauncher.TokenBroker", "JiayiLauncher.TokenBroker\JiayiLauncher.TokenBroker.vcxproj", "{B7336BA7-1E83-43D8-BD0E-3D44C6E3D4E7}"
EndProject
Global
	GlobalSection(SolutionConfigurationPlatforms) = preSolution
		Debug|Any CPU = Debug|Any CPU
		Debug|x64 = Debug|x64
		Release|Any CPU = Release|Any CPU
		Release|x64 = Release|x64
	EndGlobalSection
	GlobalSection(ProjectConfigurationPlatforms) = postSolution
		{26BD2C3C-4226-45AD-98F7-4B4219FF9171}.Debug|Any CPU.ActiveCfg = Debug|Any CPU
		{26BD2C3C-4226-45AD-98F7-4B4219FF9171}.Debug|Any CPU.Build.0 = Debug|Any CPU
		{26BD2C3C-4226-45AD-98F7-4B4219FF9171}.Debug|x64.ActiveCfg = Debug|x64
		{26BD2C3C-4226-45AD-98F7-4B4219FF9171}.Debug|x64.Build.0 = Debug|x64
		{26BD2C3C-4226-45AD-98F7-4B4219FF9171}.Release|Any CPU.ActiveCfg = Release|Any CPU
		{26BD2C3C-4226-45AD-98F7-4B4219FF9171}.Release|Any CPU.Build.0 = Release|Any CPU
		{26BD2C3C-4226-45AD-98F7-4B4219FF9171}.Release|x64.ActiveCfg = Release|x64
		{26BD2C3C-4226-45AD-98F7-4B4219FF9171}.Release|x64.Build.0 = Release|x64
		{DBBA4A74-C605-452E-ACBD-DC3EE79B0303}.Debug|Any CPU.ActiveCfg = Debug|Any CPU
		{DBBA4A74-C605-452E-ACBD-DC3EE79B0303}.Debug|Any CPU.Build.0 = Debug|Any CPU
		{DBBA4A74-C605-452E-ACBD-DC3EE79B0303}.Debug|x64.ActiveCfg = Debug|Any CPU
		{DBBA4A74-C605-452E-ACBD-DC3EE79B0303}.Debug|x64.Build.0 = Debug|Any CPU
		{DBBA4A74-C605-452E-ACBD-DC3EE79B0303}.Release|Any CPU.ActiveCfg = Release|Any CPU
		{DBBA4A74-C605-452E-ACBD-DC3EE79B0303}.Release|Any CPU.Build.0 = Release|Any CPU
		{DBBA4A74-C605-452E-ACBD-DC3EE79B0303}.Release|x64.ActiveCfg = Release|Any CPU
		{DBBA4A74-C605-452E-ACBD-DC3EE79B0303}.Release|x64.Build.0 = Release|Any CPU
		{B7336BA7-1E83-43D8-BD0E-3D44C6E3D4E7}.Debug|Any CPU.ActiveCfg = Debug|Win32
		{B7336BA7-1E83-43D8-BD0E-3D44C6E3D4E7}.Debug|Any CPU.Build.0 = Debug|Win32
		{B7336BA7-1E83-43D8-BD0E-3D44C6E3D4E7}.Release|Any CPU.ActiveCfg = Release|Win32
		{B7336BA7-1E83-43D8-BD0E-3D44C6E3D4E7}.Release|Any CPU.Build.0 = Release|Win32
		{B7336BA7-1E83-43D8-BD0E-3D44C6E3D4E7}.Release|x64.ActiveCfg = Release|x64
		{B7336BA7-1E83-43D8-BD0E-3D44C6E3D4E7}.Release|x64.Build.0 = Release|x64
		{B7336BA7-1E83-43D8-BD0E-3D44C6E3D4E7}.Debug|x64.ActiveCfg = Release|x64
		{B7336BA7-1E83-43D8-BD0E-3D44C6E3D4E7}.Debug|x64.Build.0 = Release|x64
	EndGlobalSection
	GlobalSection(SolutionProperties) = preSolution
		HideSolutionNode = FALSE
	EndGlobalSection
	GlobalSection(ExtensibilityGlobals) = postSolution
		SolutionGuid = {A8A82483-985D-4F3F-AAAA-69244F882E63}
	EndGlobalSection
EndGlobal
